
Microsoft Visual Studio Solution File, Format Version 12.00
# Visual Studio Version 16
VisualStudioVersion = 16.0.30717.126
MinimumVisualStudioVersion = 10.0.40219.1
Project("{FAE04EC0-301F-11D3-BF4B-00C04F79EFBC}") = "Ddem3.2", "Ddem3.2\Ddem3.2.csproj", "{3520123D-9D6F-4A16-8C53-76CD5EB402A7}"
EndProject
Global
	GlobalSection(SolutionConfigurationPlatforms) = preSolution
		Debug|Any CPU = Debug|Any CPU
		Release|Any CPU = Release|Any CPU
	EndGlobalSection
	GlobalSection(ProjectConfigurationPlatforms) = postSolution
		{3520123D-9D6F-4A16-8C53-76CD5EB402A7}.Debug|Any CPU.ActiveCfg = Debug|Any CPU
		{3520123D-9D6F-4A16-8C53-76CD5EB402A7}.Debug|Any CPU.Build.0 = Debug|Any CPU
		{3520123D-9D6F-4A16-8C53-76CD5EB402A7}.Release|Any CPU.ActiveCfg = Release|Any CPU
		{3520123D-9D6F-4A16-8C53-76CD5EB402A7}.Release|Any CPU.Build.0 = Release|Any CPU
	EndGlobalSection
	GlobalSection(SolutionProperties) = preSolution
		HideSolutionNode = FALSE
	EndGlobalSection
	GlobalSection(ExtensibilityGlobals) = postSolution
		SolutionGuid = {0D4BBC60-3E18-4AAF-9A1A-8830C51B1382}
	EndGlobalSection
EndGlobal
